{
  "name": "astonscode.github.io",
  "lockfileVersion": 3,
  "requires": true,
  "packages": {
    "": {
      "dependencies": {
        "weather.js": "^0.1.0"
      }
    },
    "node_modules/weather.js": {
      "version": "0.1.0",
      "resolved": "https://registry.npmjs.org/weather.js/-/weather.js-0.1.0.tgz",
      "integrity": "sha512-pto1/dMnX2MaMKNiBBTpswsPVwbbLh38o3gzPjRfxmj0rT/G6KoVc+61Ay049Ug1bK7Zz5v8Yw6T3z79SasbdA==",
      "engines": {
        "node": ">=0.10"
      }
    }
  }
}
